// !$*UTF8*$!
{
	archiveVersion = 1;
	classes = {
	};
	objectVersion = 56;
	objects = {

/* Begin PBXBuildFile section */
		FCE41DF329FFFC5E00C21AD3 /* AppDelegate.swift in Sources */ = {isa = PBXBuildFile; fileRef = FCE41DF229FFFC5E00C21AD3 /* AppDelegate.swift */; };
		FCE41DF529FFFC5E00C21AD3 /* SceneDelegate.swift in Sources */ = {isa = PBXBuildFile; fileRef = FCE41DF429FFFC5E00C21AD3 /* SceneDelegate.swift */; };
		FCE41DF729FFFC5E00C21AD3 /* ViewController.swift in Sources */ = {isa = PBXBuildFile; fileRef = FCE41DF629FFFC5E00C21AD3 /* ViewController.swift */; };
		FCE41DFA29FFFC5E00C21AD3 /* Main.storyboard in Resources */ = {isa = PBXBuildFile; fileRef = FCE41DF829FFFC5E00C21AD3 /* Main.storyboard */; };
		FCE41DFC29FFFC5F00C21AD3 /* Assets.xcassets in Resources */ = {isa = PBXBuildFile; fileRef = FCE41DFB29FFFC5F00C21AD3 /* Assets.xcassets */; };
		FCE41DFF29FFFC5F00C21AD3 /* LaunchScreen.storyboard in Resources */ = {isa = PBXBuildFile; fileRef = FCE41DFD29FFFC5F00C21AD3 /* LaunchScreen.storyboard */; };
		FCE41E2029FFFCAB00C21AD3 /* bgBlue.png in Resources */ = {isa = PBXBuildFile; fileRef = FCE41E0829FFFCAA00C21AD3 /* bgBlue.png */; };
		FCE41E2129FFFCAB00C21AD3 /* bgGreen.png in Resources */ = {isa = PBXBuildFile; fileRef = FCE41E0929FFFCAA00C21AD3 /* bgGreen.png */; };
		FCE41E2229FFFCAB00C21AD3 /* gacha.png in Resources */ = {isa = PBXBuildFile; fileRef = FCE41E0A29FFFCAA00C21AD3 /* gacha.png */; };
		FCE41E2329FFFCAB00C21AD3 /* bgRed.png in Resources */ = {isa = PBXBuildFile; fileRef = FCE41E0B29FFFCAA00C21AD3 /* bgRed.png */; };
		FCE41E2429FFFCAB00C21AD3 /* Presentbox.png in Resources */ = {isa = PBXBuildFile; fileRef = FCE41E0C29FFFCAA00C21AD3 /* Presentbox.png */; };
		FCE41E2529FFFCAB00C21AD3 /* mediaArt.png in Resources */ = {isa = PBXBuildFile; fileRef = FCE41E0E29FFFCAA00C21AD3 /* mediaArt.png */; };
		FCE41E2629FFFCAB00C21AD3 /* digitalMusic.png in Resources */ = {isa = PBXBuildFile; fileRef = FCE41E0F29FFFCAA00C21AD3 /* digitalMusic.png */; };
		FCE41E2729FFFCAB00C21AD3 /* unity.png in Resources */ = {isa = PBXBuildFile; fileRef = FCE41E1029FFFCAA00C21AD3 /* unity.png */; };
		FCE41E2829FFFCAB00C21AD3 /* designer.png in Resources */ = {isa = PBXBuildFile; fileRef = FCE41E1129FFFCAA00C21AD3 /* designer.png */; };
		FCE41E2929FFFCAB00C21AD3 /* movie.png in Resources */ = {isa = PBXBuildFile; fileRef = FCE41E1229FFFCAA00C21AD3 /* movie.png */; };
		FCE41E2A29FFFCAB00C21AD3 /* animation.png in Resources */ = {isa = PBXBuildFile; fileRef = FCE41E1329FFFCAA00C21AD3 /* animation.png */; };
		FCE41E2B29FFFCAB00C21AD3 /* webService.png in Resources */ = {isa = PBXBuildFile; fileRef = FCE41E1429FFFCAA00C21AD3 /* webService.png */; };
		FCE41E2C29FFFCAB00C21AD3 /* android.png in Resources */ = {isa = PBXBuildFile; fileRef = FCE41E1529FFFCAA00C21AD3 /* android.png */; };
		FCE41E2D29FFFCAB00C21AD3 /* IoTMesh.png in Resources */ = {isa = PBXBuildFile; fileRef = FCE41E1629FFFCAA00C21AD3 /* IoTMesh.png */; };
		FCE41E2E29FFFCAB00C21AD3 /* minecraft.png in Resources */ = {isa = PBXBuildFile; fileRef = FCE41E1729FFFCAA00C21AD3 /* minecraft.png */; };
		FCE41E2F29FFFCAB00C21AD3 /* maya.png in Resources */ = {isa = PBXBuildFile; fileRef = FCE41E1829FFFCAA00C21AD3 /* maya.png */; };
		FCE41E3029FFFCAB00C21AD3 /* iphone.png in Resources */ = {isa = PBXBuildFile; fileRef = FCE41E1929FFFCAA00C21AD3 /* iphone.png */; };
		FCE41E3129FFFCAB00C21AD3 /* webDesign.png in Resources */ = {isa = PBXBuildFile; fileRef = FCE41E1A29FFFCAA00C21AD3 /* webDesign.png */; };
		FCE41E3229FFFCAB00C21AD3 /* README.txt in Resources */ = {isa = PBXBuildFile; fileRef = FCE41E1B29FFFCAA00C21AD3 /* README.txt */; };
		FCE41E3329FFFCAB00C21AD3 /* miku.png in Resources */ = {isa = PBXBuildFile; fileRef = FCE41E1C29FFFCAA00C21AD3 /* miku.png */; };
		FCE41E3429FFFCAB00C21AD3 /* 2DGame.png in Resources */ = {isa = PBXBuildFile; fileRef = FCE41E1D29FFFCAA00C21AD3 /* 2DGame.png */; };
		FCE41E3529FFFCAB00C21AD3 /* line.png in Resources */ = {isa = PBXBuildFile; fileRef = FCE41E1E29FFFCAA00C21AD3 /* line.png */; };
		FCE41E3629FFFCAB00C21AD3 /* camera.png in Resources */ = {isa = PBXBuildFile; fileRef = FCE41E1F29FFFCAA00C21AD3 /* camera.png */; };
		FCE41E382A00034100C21AD3 /* ResultViewController.swift in Sources */ = {isa = PBXBuildFile; fileRef = FCE41E372A00034100C21AD3 /* ResultViewController.swift */; };
/* End PBXBuildFile section */

/* Begin PBXFileReference section */
		FCE41DEF29FFFC5E00C21AD3 /* Gacha.app */ = {isa = PBXFileReference; explicitFileType = wrapper.application; includeInIndex = 0; path = Gacha.app; sourceTree = BUILT_PRODUCTS_DIR; };
		FCE41DF229FFFC5E00C21AD3 /* AppDelegate.swift */ = {isa = PBXFileReference; lastKnownFileType = sourcecode.swift; path = AppDelegate.swift; sourceTree = "<group>"; };
		FCE41DF429FFFC5E00C21AD3 /* SceneDelegate.swift */ = {isa = PBXFileReference; lastKnownFileType = sourcecode.swift; path = SceneDelegate.swift; sourceTree = "<group>"; };
		FCE41DF629FFFC5E00C21AD3 /* ViewController.swift */ = {isa = PBXFileReference; lastKnownFileType = sourcecode.swift; path = ViewController.swift; sourceTree = "<group>"; };
		FCE41DF929FFFC5E00C21AD3 /* Base */ = {isa = PBXFileReference; lastKnownFileType = file.storyboard; name = Base; path = Base.lproj/Main.storyboard; sourceTree = "<group>"; };
		FCE41DFB29FFFC5F00C21AD3 /* Assets.xcassets */ = {isa = PBXFileReference; lastKnownFileType = folder.assetcatalog; path = Assets.xcassets; sourceTree = "<group>"; };
		FCE41DFE29FFFC5F00C21AD3 /* Base */ = {isa = PBXFileReference; lastKnownFileType = file.storyboard; name = Base; path = Base.lproj/LaunchScreen.storyboard; sourceTree = "<group>"; };
		FCE41E0029FFFC5F00C21AD3 /* Info.plist */ = {isa = PBXFileReference; lastKnownFileType = text.plist.xml; path = Info.plist; sourceTree = "<group>"; };
		FCE41E0829FFFCAA00C21AD3 /* bgBlue.png */ = {isa = PBXFileReference; lastKnownFileType = image.png; path = bgBlue.png; sourceTree = "<group>"; };
		FCE41E0929FFFCAA00C21AD3 /* bgGreen.png */ = {isa = PBXFileReference; lastKnownFileType = image.png; path = bgGreen.png; sourceTree = "<group>"; };
		FCE41E0A29FFFCAA00C21AD3 /* gacha.png */ = {isa = PBXFileReference; lastKnownFileType = image.png; path = gacha.png; sourceTree = "<group>"; };
		FCE41E0B29FFFCAA00C21AD3 /* bgRed.png */ = {isa = PBXFileReference; lastKnownFileType = image.png; path = bgRed.png; sourceTree = "<group>"; };
		FCE41E0C29FFFCAA00C21AD3 /* Presentbox.png */ = {isa = PBXFileReference; lastKnownFileType = image.png; path = Presentbox.png; sourceTree = "<group>"; };
		FCE41E0E29FFFCAA00C21AD3 /* mediaArt.png */ = {isa = PBXFileReference; lastKnownFileType = image.png; path = mediaArt.png; sourceTree = "<group>"; };
		FCE41E0F29FFFCAA00C21AD3 /* digitalMusic.png */ = {isa = PBXFileReference; lastKnownFileType = image.png; path = digitalMusic.png; sourceTree = "<group>"; };
		FCE41E1029FFFCAA00C21AD3 /* unity.png */ = {isa = PBXFileReference; lastKnownFileType = image.png; path = unity.png; sourceTree = "<group>"; };
		FCE41E1129FFFCAA00C21AD3 /* designer.png */ = {isa = PBXFileReference; lastKnownFileType = image.png; path = designer.png; sourceTree = "<group>"; };
		FCE41E1229FFFCAA00C21AD3 /* movie.png */ = {isa = PBXFileReference; lastKnownFileType = image.png; path = movie.png; sourceTree = "<group>"; };
		FCE41E1329FFFCAA00C21AD3 /* animation.png */ = {isa = PBXFileReference; lastKnownFileType = image.png; path = animation.png; sourceTree = "<group>"; };
		FCE41E1429FFFCAA00C21AD3 /* webService.png */ = {isa = PBXFileReference; lastKnownFileType = image.png; path = webService.png; sourceTree = "<group>"; };
		FCE41E1529FFFCAA00C21AD3 /* android.png */ = {isa = PBXFileReference; lastKnownFileType = image.png; path = android.png; sourceTree = "<group>"; };
		FCE41E1629FFFCAA00C21AD3 /* IoTMesh.png */ = {isa = PBXFileReference; lastKnownFileType = image.png; path = IoTMesh.png; sourceTree = "<group>"; };
		FCE41E1729FFFCAA00C21AD3 /* minecraft.png */ = {isa = PBXFileReference; lastKnownFileType = image.png; path = minecraft.png; sourceTree = "<group>"; };
		FCE41E1829FFFCAA00C21AD3 /* maya.png */ = {isa = PBXFileReference; lastKnownFileType = image.png; path = maya.png; sourceTree = "<group>"; };
		FCE41E1929FFFCAA00C21AD3 /* iphone.png */ = {isa = PBXFileReference; lastKnownFileType = image.png; path = iphone.png; sourceTree = "<group>"; };
		FCE41E1A29FFFCAA00C21AD3 /* webDesign.png */ = {isa = PBXFileReference; lastKnownFileType = image.png; path = webDesign.png; sourceTree = "<group>"; };
		FCE41E1B29FFFCAA00C21AD3 /* README.txt */ = {isa = PBXFileReference; fileEncoding = 4; lastKnownFileType = text; path = README.txt; sourceTree = "<group>"; };
		FCE41E1C29FFFCAA00C21AD3 /* miku.png */ = {isa = PBXFileReference; lastKnownFileType = image.png; path = miku.png; sourceTree = "<group>"; };
		FCE41E1D29FFFCAA00C21AD3 /* 2DGame.png */ = {isa = PBXFileReference; lastKnownFileType = image.png; path = 2DGame.png; sourceTree = "<group>"; };
		FCE41E1E29FFFCAA00C21AD3 /* line.png */ = {isa = PBXFileReference; lastKnownFileType = image.png; path = line.png; sourceTree = "<group>"; };
		FCE41E1F29FFFCAA00C21AD3 /* camera.png */ = {isa = PBXFileReference; lastKnownFileType = image.png; path = camera.png; sourceTree = "<group>"; };
		FCE41E372A00034100C21AD3 /* ResultViewController.swift */ = {isa = PBXFileReference; lastKnownFileType = sourcecode.swift; path = ResultViewController.swift; sourceTree = "<group>"; };
/* End PBXFileReference section */

/* Begin PBXFrameworksBuildPhase section */
		FCE41DEC29FFFC5E00C21AD3 /* Frameworks */ = {
			isa = PBXFrameworksBuildPhase;
			buildActionMask = 2147483647;
			files = (
			);
			runOnlyForDeploymentPostprocessing = 0;
		};
/* End PBXFrameworksBuildPhase section */

/* Begin PBXGroup section */
		FCE41DE629FFFC5E00C21AD3 = {
			isa = PBXGroup;
			children = (
				FCE41DF129FFFC5E00C21AD3 /* Gacha */,
				FCE41DF029FFFC5E00C21AD3 /* Products */,
			);
			sourceTree = "<group>";
		};
		FCE41DF029FFFC5E00C21AD3 /* Products */ = {
			isa = PBXGroup;
			children = (
				FCE41DEF29FFFC5E00C21AD3 /* Gacha.app */,
			);
			name = Products;
			sourceTree = "<group>";
		};
		FCE41DF129FFFC5E00C21AD3 /* Gacha */ = {
			isa = PBXGroup;
			children = (
				FCE41DF229FFFC5E00C21AD3 /* AppDelegate.swift */,
				FCE41DF429FFFC5E00C21AD3 /* SceneDelegate.swift */,
				FCE41DF629FFFC5E00C21AD3 /* ViewController.swift */,
				FCE41DF829FFFC5E00C21AD3 /* Main.storyboard */,
				FCE41DFB29FFFC5F00C21AD3 /* Assets.xcassets */,
				FCE41DFD29FFFC5F00C21AD3 /* LaunchScreen.storyboard */,
				FCE41E0029FFFC5F00C21AD3 /* Info.plist */,
				FCE41E0629FFFCAA00C21AD3 /* GachaResources */,
				FCE41E372A00034100C21AD3 /* ResultViewController.swift */,
			);
			path = Gacha;
			sourceTree = "<group>";
		};
		FCE41E0629FFFCAA00C21AD3 /* GachaResources */ = {
			isa = PBXGroup;
			children = (
				FCE41E0729FFFCAA00C21AD3 /* background */,
				FCE41E0D29FFFCAA00C21AD3 /* character */,
			);
			path = GachaResources;
			sourceTree = "<group>";
		};
		FCE41E0729FFFCAA00C21AD3 /* background */ = {
			isa = PBXGroup;
			children = (
				FCE41E0829FFFCAA00C21AD3 /* bgBlue.png */,
				FCE41E0929FFFCAA00C21AD3 /* bgGreen.png */,
				FCE41E0A29FFFCAA00C21AD3 /* gacha.png */,
				FCE41E0B29FFFCAA00C21AD3 /* bgRed.png */,
				FCE41E0C29FFFCAA00C21AD3 /* Presentbox.png */,
			);
			path = background;
			sourceTree = "<group>";
		};
		FCE41E0D29FFFCAA00C21AD3 /* character */ = {
			isa = PBXGroup;
			children = (
				FCE41E0E29FFFCAA00C21AD3 /* mediaArt.png */,
				FCE41E0F29FFFCAA00C21AD3 /* digitalMusic.png */,
				FCE41E1029FFFCAA00C21AD3 /* unity.png */,
				FCE41E1129FFFCAA00C21AD3 /* designer.png */,
				FCE41E1229FFFCAA00C21AD3 /* movie.png */,
				FCE41E1329FFFCAA00C21AD3 /* animation.png */,
				FCE41E1429FFFCAA00C21AD3 /* webService.png */,
				FCE41E1529FFFCAA00C21AD3 /* android.png */,
				FCE41E1629FFFCAA00C21AD3 /* IoTMesh.png */,
				FCE41E1729FFFCAA00C21AD3 /* minecraft.png */,
				FCE41E1829FFFCAA00C21AD3 /* maya.png */,
				FCE41E1929FFFCAA00C21AD3 /* iphone.png */,
				FCE41E1A29FFFCAA00C21AD3 /* webDesign.png */,
				FCE41E1B29FFFCAA00C21AD3 /* README.txt */,
				FCE41E1C29FFFCAA00C21AD3 /* miku.png */,
				FCE41E1D29FFFCAA00C21AD3 /* 2DGame.png */,
				FCE41E1E29FFFCAA00C21AD3 /* line.png */,
				FCE41E1F29FFFCAA00C21AD3 /* camera.png */,
			);
			path = character;
			sourceTree = "<group>";
		};
/* End PBXGroup section */

/* Begin PBXNativeTarget section */
		FCE41DEE29FFFC5E00C21AD3 /* Gacha */ = {
			isa = PBXNativeTarget;
			buildConfigurationList = FCE41E0329FFFC5F00C21AD3 /* Build configuration list for PBXNativeTarget "Gacha" */;
			buildPhases = (
				FCE41DEB29FFFC5E00C21AD3 /* Sources */,
				FCE41DEC29FFFC5E00C21AD3 /* Frameworks */,
				FCE41DED29FFFC5E00C21AD3 /* Resources */,
			);
			buildRules = (
			);
			dependencies = (
			);
			name = Gacha;
			productName = Gacha;
			productReference = FCE41DEF29FFFC5E00C21AD3 /* Gacha.app */;
			productType = "com.apple.product-type.application";
		};
/* End PBXNativeTarget section */

/* Begin PBXProject section */
		FCE41DE729FFFC5E00C21AD3 /* Project object */ = {
			isa = PBXProject;
			attributes = {
				BuildIndependentTargetsInParallel = 1;
				LastSwiftUpdateCheck = 1430;
				LastUpgradeCheck = 1430;
				TargetAttributes = {
					FCE41DEE29FFFC5E00C21AD3 = {
						CreatedOnToolsVersion = 14.3;
					};
				};
			};
			buildConfigurationList = FCE41DEA29FFFC5E00C21AD3 /* Build configuration list for PBXProject "Gacha" */;
			compatibilityVersion = "Xcode 14.0";
			developmentRegion = en;
			hasScannedForEncodings = 0;
			knownRegions = (
				en,
				Base,
			);
			mainGroup = FCE41DE629FFFC5E00C21AD3;
			productRefGroup = FCE41DF029FFFC5E00C21AD3 /* Products */;
			projectDirPath = "";
			projectRoot = "";
			targets = (
				FCE41DEE29FFFC5E00C21AD3 /* Gacha */,
			);
		};
/* End PBXProject section */

/* Begin PBXResourcesBuildPhase section */
		FCE41DED29FFFC5E00C21AD3 /* Resources */ = {
			isa = PBXResourcesBuildPhase;
			buildActionMask = 2147483647;
			files = (
				FCE41DFF29FFFC5F00C21AD3 /* LaunchScreen.storyboard in Resources */,
				FCE41E2529FFFCAB00C21AD3 /* mediaArt.png in Resources */,
				FCE41E3229FFFCAB00C21AD3 /* README.txt in Resources */,
				FCE41E2629FFFCAB00C21AD3 /* digitalMusic.png in Resources */,
				FCE41E2329FFFCAB00C21AD3 /* bgRed.png in Resources */,
				FCE41E2929FFFCAB00C21AD3 /* movie.png in Resources */,
				FCE41E3629FFFCAB00C21AD3 /* camera.png in Resources */,
				FCE41E2E29FFFCAB00C21AD3 /* minecraft.png in Resources */,
				FCE41E3129FFFCAB00C21AD3 /* webDesign.png in Resources */,
				FCE41E2829FFFCAB00C21AD3 /* designer.png in Resources */,
				FCE41E2B29FFFCAB00C21AD3 /* webService.png in Resources */,
				FCE41DFC29FFFC5F00C21AD3 /* Assets.xcassets in Resources */,
				FCE41E2429FFFCAB00C21AD3 /* Presentbox.png in Resources */,
				FCE41E2729FFFCAB00C21AD3 /* unity.png in Resources */,
				FCE41E3429FFFCAB00C21AD3 /* 2DGame.png in Resources */,
				FCE41E2D29FFFCAB00C21AD3 /* IoTMesh.png in Resources */,
				FCE41E3029FFFCAB00C21AD3 /* iphone.png in Resources */,
				FCE41E3529FFFCAB00C21AD3 /* line.png in Resources */,
				FCE41E2F29FFFCAB00C21AD3 /* maya.png in Resources */,
				FCE41E3329FFFCAB00C21AD3 /* miku.png in Resources */,
				FCE41E2129FFFCAB00C21AD3 /* bgGreen.png in Resources */,
				FCE41E2029FFFCAB00C21AD3 /* bgBlue.png in Resources */,
				FCE41E2229FFFCAB00C21AD3 /* gacha.png in Resources */,
				FCE41E2A29FFFCAB00C21AD3 /* animation.png in Resources */,
				FCE41DFA29FFFC5E00C21AD3 /* Main.storyboard in Resources */,
				FCE41E2C29FFFCAB00C21AD3 /* android.png in Resources */,
			);
			runOnlyForDeploymentPostprocessing = 0;
		};
/* End PBXResourcesBuildPhase section */

/* Begin PBXSourcesBuildPhase section */
		FCE41DEB29FFFC5E00C21AD3 /* Sources */ = {
			isa = PBXSourcesBuildPhase;
			buildActionMask = 2147483647;
			files = (
				FCE41DF729FFFC5E00C21AD3 /* ViewController.swift in Sources */,
				FCE41DF329FFFC5E00C21AD3 /* AppDelegate.swift in Sources */,
				FCE41DF529FFFC5E00C21AD3 /* SceneDelegate.swift in Sources */,
				FCE41E382A00034100C21AD3 /* ResultViewController.swift in Sources */,
			);
			runOnlyForDeploymentPostprocessing = 0;
		};
/* End PBXSourcesBuildPhase section */

/* Begin PBXVariantGroup section */
		FCE41DF829FFFC5E00C21AD3 /* Main.storyboard */ = {
			isa = PBXVariantGroup;
			children = (
				FCE41DF929FFFC5E00C21AD3 /* Base */,
			);
			name = Main.storyboard;
			sourceTree = "<group>";
		};
		FCE41DFD29FFFC5F00C21AD3 /* LaunchScreen.storyboard */ = {
			isa = PBXVariantGroup;
			children = (
				FCE41DFE29FFFC5F00C21AD3 /* Base */,
			);
			name = LaunchScreen.storyboard;
			sourceTree = "<group>";
		};
/* End PBXVariantGroup section */

/* Begin XCBuildConfiguration section */
		FCE41E0129FFFC5F00C21AD3 /* Debug */ = {
			isa = XCBuildConfiguration;
			buildSettings = {
				ALWAYS_SEARCH_USER_PATHS = NO;
				CLANG_ANALYZER_NONNULL = YES;
				CLANG_ANALYZER_NUMBER_OBJECT_CONVERSION = YES_AGGRESSIVE;
				CLANG_CXX_LANGUAGE_STANDARD = "gnu++20";
				CLANG_ENABLE_MODULES = YES;
				CLANG_ENABLE_OBJC_ARC = YES;
				CLANG_ENABLE_OBJC_WEAK = YES;
				CLANG_WARN_BLOCK_CAPTURE_AUTORELEASING = YES;
				CLANG_WARN_BOOL_CONVERSION = YES;
				CLANG_WARN_COMMA = YES;
				CLANG_WARN_CONSTANT_CONVERSION = YES;
				CLANG_WARN_DEPRECATED_OBJC_IMPLEMENTATIONS = YES;
				CLANG_WARN_DIRECT_OBJC_ISA_USAGE = YES_ERROR;
				CLANG_WARN_DOCUMENTATION_COMMENTS = YES;
				CLANG_WARN_EMPTY_BODY = YES;
				CLANG_WARN_ENUM_CONVERSION = YES;
				CLANG_WARN_INFINITE_RECURSION = YES;
				CLANG_WARN_INT_CONVERSION = YES;
				CLANG_WARN_NON_LITERAL_NULL_CONVERSION = YES;
				CLANG_WARN_OBJC_IMPLICIT_RETAIN_SELF = YES;
				CLANG_WARN_OBJC_LITERAL_CONVERSION = YES;
				CLANG_WARN_OBJC_ROOT_CLASS = YES_ERROR;
				CLANG_WARN_QUOTED_INCLUDE_IN_FRAMEWORK_HEADER = YES;
				CLANG_WARN_RANGE_LOOP_ANALYSIS = YES;
				CLANG_WARN_STRICT_PROTOTYPES = YES;
				CLANG_WARN_SUSPICIOUS_MOVE = YES;
				CLANG_WARN_UNGUARDED_AVAILABILITY = YES_AGGRESSIVE;
				CLANG_WARN_UNREACHABLE_CODE = YES;
				CLANG_WARN__DUPLICATE_METHOD_MATCH = YES;
				COPY_PHASE_STRIP = NO;
				DEBUG_INFORMATION_FORMAT = dwarf;
				ENABLE_STRICT_OBJC_MSGSEND = YES;
				ENABLE_TESTABILITY = YES;
				GCC_C_LANGUAGE_STANDARD = gnu11;
				GCC_DYNAMIC_NO_PIC = NO;
				GCC_NO_COMMON_BLOCKS = YES;
				GCC_OPTIMIZATION_LEVEL = 0;
				GCC_PREPROCESSOR_DEFINITIONS = (
					"DEBUG=1",
					"$(inherited)",
				);
				GCC_WARN_64_TO_32_BIT_CONVERSION = YES;
				GCC_WARN_ABOUT_RETURN_TYPE = YES_ERROR;
				GCC_WARN_UNDECLARED_SELECTOR = YES;
				GCC_WARN_UNINITIALIZED_AUTOS = YES_AGGRESSIVE;
				GCC_WARN_UNUSED_FUNCTION = YES;
				GCC_WARN_UNUSED_VARIABLE = YES;
				IPHONEOS_DEPLOYMENT_TARGET = 16.4;
				MTL_ENABLE_DEBUG_INFO = INCLUDE_SOURCE;
				MTL_FAST_MATH = YES;
				ONLY_ACTIVE_ARCH = YES;
				SDKROOT = iphoneos;
				SWIFT_ACTIVE_COMPILATION_CONDITIONS = DEBUG;
				SWIFT_OPTIMIZATION_LEVEL = "-Onone";
			};
			name = Debug;
		};
		FCE41E0229FFFC5F00C21AD3 /* Release */ = {
			isa = XCBuildConfiguration;
			buildSettings = {
				ALWAYS_SEARCH_USER_PATHS = NO;
				CLANG_ANALYZER_NONNULL = YES;
				CLANG_ANALYZER_NUMBER_OBJECT_CONVERSION = YES_AGGRESSIVE;
				CLANG_CXX_LANGUAGE_STANDARD = "gnu++20";
				CLANG_ENABLE_MODULES = YES;
				CLANG_ENABLE_OBJC_ARC = YES;
				CLANG_ENABLE_OBJC_WEAK = YES;
				CLANG_WARN_BLOCK_CAPTURE_AUTORELEASING = YES;
				CLANG_WARN_BOOL_CONVERSION = YES;
				CLANG_WARN_COMMA = YES;
				CLANG_WARN_CONSTANT_CONVERSION = YES;
				CLANG_WARN_DEPRECATED_OBJC_IMPLEMENTATIONS = YES;
				CLANG_WARN_DIRECT_OBJC_ISA_USAGE = YES_ERROR;
				CLANG_WARN_DOCUMENTATION_COMMENTS = YES;
				CLANG_WARN_EMPTY_BODY = YES;
				CLANG_WARN_ENUM_CONVERSION = YES;
				CLANG_WARN_INFINITE_RECURSION = YES;
				CLANG_WARN_INT_CONVERSION = YES;
				CLANG_WARN_NON_LITERAL_NULL_CONVERSION = YES;
				CLANG_WARN_OBJC_IMPLICIT_RETAIN_SELF = YES;
				CLANG_WARN_OBJC_LITERAL_CONVERSION = YES;
				CLANG_WARN_OBJC_ROOT_CLASS = YES_ERROR;
				CLANG_WARN_QUOTED_INCLUDE_IN_FRAMEWORK_HEADER = YES;
				CLANG_WARN_RANGE_LOOP_ANALYSIS = YES;
				CLANG_WARN_STRICT_PROTOTYPES = YES;
				CLANG_WARN_SUSPICIOUS_MOVE = YES;
				CLANG_WARN_UNGUARDED_AVAILABILITY = YES_AGGRESSIVE;
				CLANG_WARN_UNREACHABLE_CODE = YES;
				CLANG_WARN__DUPLICATE_METHOD_MATCH = YES;
				COPY_PHASE_STRIP = NO;
				DEBUG_INFORMATION_FORMAT = "dwarf-with-dsym";
				ENABLE_NS_ASSERTIONS = NO;
				ENABLE_STRICT_OBJC_MSGSEND = YES;
				GCC_C_LANGUAGE_STANDARD = gnu11;
				GCC_NO_COMMON_BLOCKS = YES;
				GCC_WARN_64_TO_32_BIT_CONVERSION = YES;
				GCC_WARN_ABOUT_RETURN_TYPE = YES_ERROR;
				GCC_WARN_UNDECLARED_SELECTOR = YES;
				GCC_WARN_UNINITIALIZED_AUTOS = YES_AGGRESSIVE;
				GCC_WARN_UNUSED_FUNCTION = YES;
				GCC_WARN_UNUSED_VARIABLE = YES;
				IPHONEOS_DEPLOYMENT_TARGET = 16.4;
				MTL_ENABLE_DEBUG_INFO = NO;
				MTL_FAST_MATH = YES;
				SDKROOT = iphoneos;
				SWIFT_COMPILATION_MODE = wholemodule;
				SWIFT_OPTIMIZATION_LEVEL = "-O";
				VALIDATE_PRODUCT = YES;
			};
			name = Release;
		};
		FCE41E0429FFFC5F00C21AD3 /* Debug */ = {
			isa = XCBuildConfiguration;
			buildSettings = {
				ASSETCATALOG_COMPILER_APPICON_NAME = AppIcon;
				ASSETCATALOG_COMPILER_GLOBAL_ACCENT_COLOR_NAME = AccentColor;
				CODE_SIGN_STYLE = Automatic;
				CURRENT_PROJECT_VERSION = 1;
				GENERATE_INFOPLIST_FILE = YES;
				INFOPLIST_FILE = Gacha/Info.plist;
				INFOPLIST_KEY_UIApplicationSupportsIndirectInputEvents = YES;
				INFOPLIST_KEY_UILaunchStoryboardName = LaunchScreen;
				INFOPLIST_KEY_UIMainStoryboardFile = Main;
				INFOPLIST_KEY_UISupportedInterfaceOrientations_iPad = "UIInterfaceOrientationPortrait UIInterfaceOrientationPortraitUpsideDown UIInterfaceOrientationLandscapeLeft UIInterfaceOrientationLandscapeRight";
				INFOPLIST_KEY_UISupportedInterfaceOrientations_iPhone = "UIInterfaceOrientationPortrait UIInterfaceOrientationLandscapeLeft UIInterfaceOrientationLandscapeRight";
				LD_RUNPATH_SEARCH_PATHS = (
					"$(inherited)",
					"@executable_path/Frameworks",
				);
				MARKETING_VERSION = 1.0;
				PRODUCT_BUNDLE_IDENTIFIER = app.chiyomaru.chiyoma.Gacha;
				PRODUCT_NAME = "$(TARGET_NAME)";
				SWIFT_EMIT_LOC_STRINGS = YES;
				SWIFT_VERSION = 5.0;
				TARGETED_DEVICE_FAMILY = "1,2";
			};
			name = Debug;
		};
		FCE41E0529FFFC5F00C21AD3 /* Release */ = {
			isa = XCBuildConfiguration;
			buildSettings = {
				ASSETCATALOG_COMPILER_APPICON_NAME = AppIcon;
				ASSETCATALOG_COMPILER_GLOBAL_ACCENT_COLOR_NAME = AccentColor;
				CODE_SIGN_STYLE = Automatic;
				CURRENT_PROJECT_VERSION = 1;
				GENERATE_INFOPLIST_FILE = YES;
				INFOPLIST_FILE = Gacha/Info.plist;
				INFOPLIST_KEY_UIApplicationSupportsIndirectInputEvents = YES;
				INFOPLIST_KEY_UILaunchStoryboardName = LaunchScreen;
				INFOPLIST_KEY_UIMainStoryboardFile = Main;
				INFOPLIST_KEY_UISupportedInterfaceOrientations_iPad = "UIInterfaceOrientationPortrait UIInterfaceOrientationPortraitUpsideDown UIInterfaceOrientationLandscapeLeft UIInterfaceOrientationLandscapeRight";
				INFOPLIST_KEY_UISupportedInterfaceOrientations_iPhone = "UIInterfaceOrientationPortrait UIInterfaceOrientationLandscapeLeft UIInterfaceOrientationLandscapeRight";
				LD_RUNPATH_SEARCH_PATHS = (
					"$(inherited)",
					"@executable_path/Frameworks",
				);
				MARKETING_VERSION = 1.0;
				PRODUCT_BUNDLE_IDENTIFIER = app.chiyomaru.chiyoma.Gacha;
				PRODUCT_NAME = "$(TARGET_NAME)";
				SWIFT_EMIT_LOC_STRINGS = YES;
				SWIFT_VERSION = 5.0;
				TARGETED_DEVICE_FAMILY = "1,2";
			};
			name = Release;
		};
/* End XCBuildConfiguration section */

/* Begin XCConfigurationList section */
		FCE41DEA29FFFC5E00C21AD3 /* Build configuration list for PBXProject "Gacha" */ = {
			isa = XCConfigurationList;
			buildConfigurations = (
				FCE41E0129FFFC5F00C21AD3 /* Debug */,
				FCE41E0229FFFC5F00C21AD3 /* Release */,
			);
			defaultConfigurationIsVisible = 0;
			defaultConfigurationName = Release;
		};
		FCE41E0329FFFC5F00C21AD3 /* Build configuration list for PBXNativeTarget "Gacha" */ = {
			isa = XCConfigurationList;
			buildConfigurations = (
				FCE41E0429FFFC5F00C21AD3 /* Debug */,
				FCE41E0529FFFC5F00C21AD3 /* Release */,
			);
			defaultConfigurationIsVisible = 0;
			defaultConfigurationName = Release;
		};
/* End XCConfigurationList section */
	};
	rootObject = FCE41DE729FFFC5E00C21AD3 /* Project object */;
}
